Microsoft Visual Studio Solution File, Format Version 12.00
# Visual Studio Version 17
VisualStudioVersion = 17.0.31903.59
MinimumVisualStudioVersion = 10.0.40219.1
Project("{FAE04EC0-301F-11D3-BF4B-00C04F79EFBC}") = "CleanArchitectureTemplate.Domain", "src\CleanArchitectureTemplate.Domain\CleanArchitectureTemplate.Domain.csproj", "{A1B2C3D4-E5F6-7890-ABCD-EF1234567890}"
EndProject
Project("{FAE04EC0-301F-11D3-BF4B-00C04F79EFBC}") = "CleanArchitectureTemplate.Application", "src\CleanArchitectureTemplate.Application\CleanArchitectureTemplate.Application.csproj", "{FD1B37C8-99D0-43F1-B166-70B1C14D093E}"
EndProject
Project("{FAE04EC0-301F-11D3-BF4B-00C04F79EFBC}") = "CleanArchitectureTemplate.Infrastructure", "src\CleanArchitectureTemplate.Infrastructure\CleanArchitectureTemplate.Infrastructure.csproj", "{466D510F-4004-498D-A77A-03A6E55AE039}"
EndProject
Project("{FAE04EC0-301F-11D3-BF4B-00C04F79EFBC}") = "CleanArchitectureTemplate.API", "src\CleanArchitectureTemplate.API\CleanArchitectureTemplate.API.csproj", "{B1FA6E29-A773-48F1-8CFE-CFEE4949B105}"
EndProject
Global
	GlobalSection(SolutionConfigurationPlatforms) = preSolution
		Debug|Any CPU = Debug|Any CPU
		Release|Any CPU = Release|Any CPU
	EndGlobalSection
	GlobalSection(ProjectConfigurationPlatforms) = postSolution
		{A1B2C3D4-E5F6-7890-ABCD-EF1234567890}.Debug|Any CPU.ActiveCfg = Debug|Any CPU
		{A1B2C3D4-E5F6-7890-ABCD-EF1234567890}.Debug|Any CPU.Build.0 = Debug|Any CPU
		{A1B2C3D4-E5F6-7890-ABCD-EF1234567890}.Release|Any CPU.ActiveCfg = Release|Any CPU
		{A1B2C3D4-E5F6-7890-ABCD-EF1234567890}.Release|Any CPU.Build.0 = Release|Any CPU
		{FD1B37C8-99D0-43F1-B166-70B1C14D093E}.Debug|Any CPU.ActiveCfg = Debug|Any CPU
		{FD1B37C8-99D0-43F1-B166-70B1C14D093E}.Debug|Any CPU.Build.0 = Debug|Any CPU
		{FD1B37C8-99D0-43F1-B166-70B1C14D093E}.Release|Any CPU.ActiveCfg = Release|Any CPU
		{FD1B37C8-99D0-43F1-B166-70B1C14D093E}.Release|Any CPU.Build.0 = Release|Any CPU
		{466D510F-4004-498D-A77A-03A6E55AE039}.Debug|Any CPU.ActiveCfg = Debug|Any CPU
		{466D510F-4004-498D-A77A-03A6E55AE039}.Debug|Any CPU.Build.0 = Debug|Any CPU
		{466D510F-4004-498D-A77A-03A6E55AE039}.Release|Any CPU.ActiveCfg = Release|Any CPU
		{466D510F-4004-498D-A77A-03A6E55AE039}.Release|Any CPU.Build.0 = Release|Any CPU
		{B1FA6E29-A773-48F1-8CFE-CFEE4949B105}.Debug|Any CPU.ActiveCfg = Debug|Any CPU
		{B1FA6E29-A773-48F1-8CFE-CFEE4949B105}.Debug|Any CPU.Build.0 = Debug|Any CPU
		{B1FA6E29-A773-48F1-8CFE-CFEE4949B105}.Release|Any CPU.ActiveCfg = Release|Any CPU
		{B1FA6E29-A773-48F1-8CFE-CFEE4949B105}.Release|Any CPU.Build.0 = Release|Any CPU
	EndGlobalSection
	GlobalSection(SolutionProperties) = preSolution
		HideSolutionNode = FALSE
	EndGlobalSection
	GlobalSection(ExtensibilityGlobals) = postSolution
		SolutionGuid = {12345678-1234-5678-9ABC-DEF123456789}
	EndGlobalSection
EndGlobal
